
Microsoft Visual Studio Solution File, Format Version 12.00
# Visual Studio Version 17
VisualStudioVersion = 17.0.31903.59
MinimumVisualStudioVersion = 10.0.40219.1
Project("{FAE04EC0-301F-11D3-BF4B-00C04F79EFBC}") = "API", "API\API.csproj", "{3C2D4FBF-C295-4A3B-983F-7DDD383F0A6C}"
EndProject
Project("{FAE04EC0-301F-11D3-BF4B-00C04F79EFBC}") = "Core", "Core\Core.csproj", "{E96804F0-8465-4CB2-BABC-581BFBA81B92}"
EndProject
Project("{FAE04EC0-301F-11D3-BF4B-00C04F79EFBC}") = "Infrastructure", "Infrastructure\Infrastructure.csproj", "{BD36825B-B72E-4DA0-8674-9C7719EDAA09}"
EndProject
Global
	GlobalSection(SolutionConfigurationPlatforms) = preSolution
		Debug|Any CPU = Debug|Any CPU
		Release|Any CPU = Release|Any CPU
	EndGlobalSection
	GlobalSection(SolutionProperties) = preSolution
		HideSolutionNode = FALSE
	EndGlobalSection
	GlobalSection(ProjectConfigurationPlatforms) = postSolution
		{3C2D4FBF-C295-4A3B-983F-7DDD383F0A6C}.Debug|Any CPU.ActiveCfg = Debug|Any CPU
		{3C2D4FBF-C295-4A3B-983F-7DDD383F0A6C}.Debug|Any CPU.Build.0 = Debug|Any CPU
		{3C2D4FBF-C295-4A3B-983F-7DDD383F0A6C}.Release|Any CPU.ActiveCfg = Release|Any CPU
		{3C2D4FBF-C295-4A3B-983F-7DDD383F0A6C}.Release|Any CPU.Build.0 = Release|Any CPU
		{E96804F0-8465-4CB2-BABC-581BFBA81B92}.Debug|Any CPU.ActiveCfg = Debug|Any CPU
		{E96804F0-8465-4CB2-BABC-581BFBA81B92}.Debug|Any CPU.Build.0 = Debug|Any CPU
		{E96804F0-8465-4CB2-BABC-581BFBA81B92}.Release|Any CPU.ActiveCfg = Release|Any CPU
		{E96804F0-8465-4CB2-BABC-581BFBA81B92}.Release|Any CPU.Build.0 = Release|Any CPU
		{BD36825B-B72E-4DA0-8674-9C7719EDAA09}.Debug|Any CPU.ActiveCfg = Debug|Any CPU
		{BD36825B-B72E-4DA0-8674-9C7719EDAA09}.Debug|Any CPU.Build.0 = Debug|Any CPU
		{BD36825B-B72E-4DA0-8674-9C7719EDAA09}.Release|Any CPU.ActiveCfg = Release|Any CPU
		{BD36825B-B72E-4DA0-8674-9C7719EDAA09}.Release|Any CPU.Build.0 = Release|Any CPU
	EndGlobalSection
EndGlobal
